<?xml version="1.0" encoding="utf-8"?>
<Project ToolsVersion="4.0" xmlns="http://schemas.microsoft.com/developer/msbuild/2003">
  <ItemGroup>
    <Filter Include="Source Files">
      <UniqueIdentifier>{4FC737F1-C7A5-4376-A066-2A32D752A2FF}</UniqueIdentifier>
      <Extensions>cpp;c;cc;cxx;def;odl;idl;hpj;bat;asm;asmx</Extensions>
    </Filter>
    <Filter Include="Header Files">
      <UniqueIdentifier>{93995380-89BD-4b04-88EB-625FBE52EBFB}</UniqueIdentifier>
      <Extensions>h;hh;hpp;hxx;hm;inl;inc;xsd</Extensions>
    </Filter>
    <Filter Include="Resource Files">
      <UniqueIdentifier>{67DA6AB6-F800-4c08-8B7A-83BB121AAD01}</UniqueIdentifier>
      <Extensions>rc;ico;cur;bmp;dlg;rc2;rct;bin;rgs;gif;jpg;jpeg;jpe;resx;tiff;tif;png;wav;mfcribbon-ms</Extensions>
    </Filter>
    <Filter Include="Header Files\Components">
      <UniqueIdentifier>{dfb43e70-35de-4de3-a293-b0c2fccc83a9}</UniqueIdentifier>
    </Filter>
    <Filter Include="Source Files\Components">
      <UniqueIdentifier>{51102228-e5fd-4516-a028-d2f338625e26}</UniqueIdentifier>
    </Filter>
    <Filter Include="Header Files\Rendering">
      <UniqueIdentifier>{5e1180e6-d170-482c-af48-0fe1a749451c}</UniqueIdentifier>
    </Filter>
    <Filter Include="Header Files\Managers">
      <UniqueIdentifier>{1a68edd4-08f6-4a0d-8830-91b3182ac962}</UniqueIdentifier>
    </Filter>
    <Filter Include="Header Files\Helpers">
      <UniqueIdentifier>{92797501-61fc-4553-b4d8-3cba668917df}</UniqueIdentifier>
    </Filter>
    <Filter Include="Source Files\Rendering">
      <UniqueIdentifier>{187af93d-4711-4168-b514-e0dcfc127809}</UniqueIdentifier>
    </Filter>
    <Filter Include="Source Files\Managers">
      <UniqueIdentifier>{525b279b-46c4-4a70-9f3a-d0fc4e0f9e85}</UniqueIdentifier>
    </Filter>
    <Filter Include="Header Files\StateMachines">
      <UniqueIdentifier>{41b8f862-f43c-4ea5-922b-468b89e68e30}</UniqueIdentifier>
    </Filter>
    <Filter Include="Header Files\StateMachines\PlayerStateMachine">
      <UniqueIdentifier>{19dba0bd-20c3-49c1-91c4-f28aa6a4a27e}</UniqueIdentifier>
    </Filter>
    <Filter Include="Header Files\StateMachines\PlayerStateMachine\PlayerStates">
      <UniqueIdentifier>{d4d87420-fabf-43a6-be5e-9bda04435c1c}</UniqueIdentifier>
    </Filter>
    <Filter Include="Header Files\StateMachines\EnemyStateMachine">
      <UniqueIdentifier>{96584105-f5a1-4efe-b64c-2e65873a89f3}</UniqueIdentifier>
    </Filter>
    <Filter Include="Source Files\StateMachines">
      <UniqueIdentifier>{b264ba51-3ad4-48c4-a9c2-1d40f424086f}</UniqueIdentifier>
    </Filter>
    <Filter Include="Source Files\StateMachines\PlayerStateMachine">
      <UniqueIdentifier>{8b511123-0afb-44db-99c8-22a248147563}</UniqueIdentifier>
    </Filter>
    <Filter Include="Source Files\StateMachines\PlayerStateMachine\PlayerStates">
      <UniqueIdentifier>{91fb5199-c95f-4da3-94dc-1d3c08b133f6}</UniqueIdentifier>
    </Filter>
    <Filter Include="Source Files\StateMachines\EnemyStateMachine">
      <UniqueIdentifier>{af27ebe7-3703-41e5-8380-68c4694e5b02}</UniqueIdentifier>
    </Filter>
    <Filter Include="Header Files\StateMachines\EnemyStateMachine\EnemyPlayerStates">
      <UniqueIdentifier>{8c73c4f0-21cb-477c-b9ad-6e30b195c4bb}</UniqueIdentifier>
    </Filter>
    <Filter Include="Source Files\StateMachines\EnemyStateMachine\EnemyPlayerStates">
      <UniqueIdentifier>{ffc0a790-128f-4725-ba3e-1d5048b55d55}</UniqueIdentifier>
    </Filter>
    <Filter Include="Header Files\Observer">
      <UniqueIdentifier>{9c666555-4e2c-416d-99cf-bb28c51f1abd}</UniqueIdentifier>
    </Filter>
    <Filter Include="Source Files\Observer">
      <UniqueIdentifier>{6c23386b-48a0-409f-a31b-fad25dd363b6}</UniqueIdentifier>
    </Filter>
  </ItemGroup>
  <ItemGroup>
    <ClInclude Include="Src\FPSComponent.h">
      <Filter>Header Files\Components</Filter>
    </ClInclude>
    <ClInclude Include="Src\GameObject.h">
      <Filter>Header Files</Filter>
    </ClInclude>
    <ClInclude Include="Src\Minigin.h">
      <Filter>Header Files</Filter>
    </ClInclude>
    <ClInclude Include="Src\MiniginPCH.h">
      <Filter>Header Files</Filter>
    </ClInclude>
    <ClInclude Include="Src\Scene.h">
      <Filter>Header Files</Filter>
    </ClInclude>
    <ClInclude Include="Src\TextComponent.h">
      <Filter>Header Files\Components</Filter>
    </ClInclude>
    <ClInclude Include="Src\Transform.h">
      <Filter>Header Files\Components</Filter>
    </ClInclude>
    <ClInclude Include="Src\Font.h">
      <Filter>Header Files\Rendering</Filter>
    </ClInclude>
    <ClInclude Include="Src\InputManager.h">
      <Filter>Header Files\Managers</Filter>
    </ClInclude>
    <ClInclude Include="Src\Renderer.h">
      <Filter>Header Files\Rendering</Filter>
    </ClInclude>
    <ClInclude Include="Src\SceneManager.h">
      <Filter>Header Files\Managers</Filter>
    </ClInclude>
    <ClInclude Include="Src\ResourceManager.h">
      <Filter>Header Files\Managers</Filter>
    </ClInclude>
    <ClInclude Include="Src\Texture2D.h">
      <Filter>Header Files\Rendering</Filter>
    </ClInclude>
    <ClInclude Include="Src\Singleton.h">
      <Filter>Header Files\Helpers</Filter>
    </ClInclude>
    <ClInclude Include="Src\SpriteComponent.h">
      <Filter>Header Files\Components</Filter>
    </ClInclude>
    <ClInclude Include="Src\Component.h">
      <Filter>Header Files\Components</Filter>
    </ClInclude>
    <ClInclude Include="Src\Animation.h">
      <Filter>Header Files\Rendering</Filter>
    </ClInclude>
    <ClInclude Include="Src\KeyboardInputComponent.h">
      <Filter>Header Files\Components</Filter>
    </ClInclude>
    <ClInclude Include="Src\ColliderComponent.h">
      <Filter>Header Files\Components</Filter>
    </ClInclude>
    <ClInclude Include="Src\Level.h">
      <Filter>Header Files</Filter>
    </ClInclude>
    <ClInclude Include="Src\TileComponent.h">
      <Filter>Header Files\Components</Filter>
    </ClInclude>
    <ClInclude Include="Src\RigidBodyComponent.h">
      <Filter>Header Files\Components</Filter>
    </ClInclude>
    <ClInclude Include="Src\Constants.h">
      <Filter>Header Files\Helpers</Filter>
    </ClInclude>
    <ClInclude Include="Src\Collision.h">
      <Filter>Header Files\Helpers</Filter>
    </ClInclude>
    <ClInclude Include="Src\CollisionManager.h">
      <Filter>Header Files\Managers</Filter>
    </ClInclude>
    <ClInclude Include="Src\PlayerState.h">
      <Filter>Header Files\StateMachines\PlayerStateMachine\PlayerStates</Filter>
    </ClInclude>
    <ClInclude Include="Src\JumpPlayerState.h">
      <Filter>Header Files\StateMachines\PlayerStateMachine\PlayerStates</Filter>
    </ClInclude>
    <ClInclude Include="Src\IdlePlayerState.h">
      <Filter>Header Files\StateMachines\PlayerStateMachine\PlayerStates</Filter>
    </ClInclude>
    <ClInclude Include="Src\MovePlayerState.h">
      <Filter>Header Files\StateMachines\PlayerStateMachine\PlayerStates</Filter>
    </ClInclude>
    <ClInclude Include="Src\PlayerSM.h">
      <Filter>Header Files\StateMachines\PlayerStateMachine</Filter>
    </ClInclude>
    <ClInclude Include="Src\EnemySM.h">
      <Filter>Header Files\StateMachines\EnemyStateMachine</Filter>
    </ClInclude>
    <ClInclude Include="Src\EnemyState.h">
      <Filter>Header Files\StateMachines\EnemyStateMachine\EnemyPlayerStates</Filter>
    </ClInclude>
    <ClInclude Include="Src\SeekEnemyState.h">
      <Filter>Header Files\StateMachines\EnemyStateMachine\EnemyPlayerStates</Filter>
    </ClInclude>
    <ClInclude Include="Src\JumpEnemyState.h">
      <Filter>Header Files\StateMachines\EnemyStateMachine\EnemyPlayerStates</Filter>
    </ClInclude>
    <ClInclude Include="Src\AttackEnemyState.h">
      <Filter>Header Files\StateMachines\EnemyStateMachine\EnemyPlayerStates</Filter>
    </ClInclude>
    <ClInclude Include="Src\BubbleEnemyState.h">
      <Filter>Header Files\StateMachines\EnemyStateMachine\EnemyPlayerStates</Filter>
    </ClInclude>
    <ClInclude Include="Src\Subject.h">
      <Filter>Header Files\Observer</Filter>
    </ClInclude>
    <ClInclude Include="Src\Observer.h">
      <Filter>Header Files\Observer</Filter>
    </ClInclude>
    <ClInclude Include="Src\EntityCounter.h">
      <Filter>Header Files\Observer</Filter>
    </ClInclude>
    <ClInclude Include="Src\KillObserver.h">
      <Filter>Header Files\Observer</Filter>
    </ClInclude>
    <ClInclude Include="Src\ScoreObserver.h">
      <Filter>Header Files\Observer</Filter>
    </ClInclude>
  </ItemGroup>
  <ItemGroup>
    <ClCompile Include="Src\FPSComponent.cpp">
      <Filter>Source Files\Components</Filter>
    </ClCompile>
    <ClCompile Include="Src\GameObject.cpp">
      <Filter>Source Files</Filter>
    </ClCompile>
    <ClCompile Include="Src\Minigin.cpp">
      <Filter>Source Files</Filter>
    </ClCompile>
    <ClCompile Include="Src\MiniginPCH.cpp">
      <Filter>Source Files</Filter>
    </ClCompile>
    <ClCompile Include="Src\Scene.cpp">
      <Filter>Source Files</Filter>
    </ClCompile>
    <ClCompile Include="Src\TextComponent.cpp">
      <Filter>Source Files\Components</Filter>
    </ClCompile>
    <ClCompile Include="Src\Transform.cpp">
      <Filter>Source Files\Components</Filter>
    </ClCompile>
    <ClCompile Include="Src\Renderer.cpp">
      <Filter>Source Files\Rendering</Filter>
    </ClCompile>
    <ClCompile Include="Src\Texture2D.cpp">
      <Filter>Source Files\Rendering</Filter>
    </ClCompile>
    <ClCompile Include="Src\Font.cpp">
      <Filter>Source Files\Rendering</Filter>
    </ClCompile>
    <ClCompile Include="Src\InputManager.cpp">
      <Filter>Source Files\Managers</Filter>
    </ClCompile>
    <ClCompile Include="Src\SceneManager.cpp">
      <Filter>Source Files\Managers</Filter>
    </ClCompile>
    <ClCompile Include="Src\ResourceManager.cpp">
      <Filter>Source Files\Managers</Filter>
    </ClCompile>
    <ClCompile Include="Src\SpriteComponent.cpp">
      <Filter>Source Files\Components</Filter>
    </ClCompile>
    <ClCompile Include="Src\Animation.cpp">
      <Filter>Source Files\Rendering</Filter>
    </ClCompile>
    <ClCompile Include="Src\KeyboardInputComponent.cpp">
      <Filter>Source Files\Components</Filter>
    </ClCompile>
    <ClCompile Include="Src\ColliderComponent.cpp">
      <Filter>Source Files\Components</Filter>
    </ClCompile>
    <ClCompile Include="Src\Level.cpp">
      <Filter>Source Files</Filter>
    </ClCompile>
    <ClCompile Include="Src\TileComponent.cpp">
      <Filter>Source Files\Components</Filter>
    </ClCompile>
    <ClCompile Include="Src\RigidBodyComponent.cpp">
      <Filter>Source Files\Components</Filter>
    </ClCompile>
    <ClCompile Include="Src\Collision.cpp">
      <Filter>Source Files</Filter>
    </ClCompile>
    <ClCompile Include="Src\CollisionManager.cpp">
      <Filter>Source Files\Managers</Filter>
    </ClCompile>
    <ClCompile Include="Src\PlayerSM.cpp">
      <Filter>Source Files\StateMachines\PlayerStateMachine</Filter>
    </ClCompile>
    <ClCompile Include="Src\IdlePlayerState.cpp">
      <Filter>Source Files\StateMachines\PlayerStateMachine\PlayerStates</Filter>
    </ClCompile>
    <ClCompile Include="Src\JumpPlayerState.cpp">
      <Filter>Source Files\StateMachines\PlayerStateMachine\PlayerStates</Filter>
    </ClCompile>
    <ClCompile Include="Src\MovePlayerState.cpp">
      <Filter>Source Files\StateMachines\PlayerStateMachine\PlayerStates</Filter>
    </ClCompile>
    <ClCompile Include="Src\EnemySM.cpp">
      <Filter>Source Files\StateMachines\EnemyStateMachine</Filter>
    </ClCompile>
    <ClCompile Include="Src\SeekEnemyState.cpp">
      <Filter>Source Files\StateMachines\EnemyStateMachine\EnemyPlayerStates</Filter>
    </ClCompile>
    <ClCompile Include="Src\JumpEnemyState.cpp">
      <Filter>Source Files\StateMachines\EnemyStateMachine\EnemyPlayerStates</Filter>
    </ClCompile>
    <ClCompile Include="Src\AttackEnemyState.cpp">
      <Filter>Source Files\StateMachines\EnemyStateMachine\EnemyPlayerStates</Filter>
    </ClCompile>
    <ClCompile Include="Src\BubbleEnemyState.cpp">
      <Filter>Source Files\StateMachines\EnemyStateMachine\EnemyPlayerStates</Filter>
    </ClCompile>
    <ClCompile Include="Src\EntityCounter.cpp">
      <Filter>Source Files\Observer</Filter>
    </ClCompile>
    <ClCompile Include="Src\KillObserver.cpp">
      <Filter>Source Files\Observer</Filter>
    </ClCompile>
    <ClCompile Include="Src\ScoreObserver.cpp">
      <Filter>Source Files\Observer</Filter>
    </ClCompile>
  </ItemGroup>
</Project>